
Microsoft Visual Studio Solution File, Format Version 11.00
# Visual Studio 2010
Project("{FAE04EC0-301F-11D3-BF4B-00C04F79EFBC}") = "ManyServer", "ManyServer\ManyServer.csproj", "{DD2B8C4D-7375-4656-9D00-C468303C034C}"
EndProject
Project("{FAE04EC0-301F-11D3-BF4B-00C04F79EFBC}") = "Lidgren.Network", "..\..\..\Lidgren.Network\Lidgren.Network.csproj", "{49BA1C69-6104-41AC-A5D8-B54FA9F696E8}"
EndProject
Project("{FAE04EC0-301F-11D3-BF4B-00C04F79EFBC}") = "ManyClients", "ManyClients\ManyClients.csproj", "{A41772F5-F20F-408D-ABD1-5D1C144853C6}"
EndProject
Project("{FAE04EC0-301F-11D3-BF4B-00C04F79EFBC}") = "SamplesCommon", "..\..\SamplesCommon\SamplesCommon.csproj", "{773069DA-B66E-4667-ADCB-0D215AD8CF3E}"
EndProject
Global
	GlobalSection(SolutionConfigurationPlatforms) = preSolution
		Debug|Any CPU = Debug|Any CPU
		Debug|Mixed Platforms = Debug|Mixed Platforms
		Debug|x86 = Debug|x86
		Release|Any CPU = Release|Any CPU
		Release|Mixed Platforms = Release|Mixed Platforms
		Release|x86 = Release|x86
	EndGlobalSection
	GlobalSection(ProjectConfigurationPlatforms) = postSolution
		{DD2B8C4D-7375-4656-9D00-C468303C034C}.Debug|Any CPU.ActiveCfg = Debug|x86
		{DD2B8C4D-7375-4656-9D00-C468303C034C}.Debug|Mixed Platforms.ActiveCfg = Debug|x86
		{DD2B8C4D-7375-4656-9D00-C468303C034C}.Debug|Mixed Platforms.Build.0 = Debug|x86
		{DD2B8C4D-7375-4656-9D00-C468303C034C}.Debug|x86.ActiveCfg = Debug|x86
		{DD2B8C4D-7375-4656-9D00-C468303C034C}.Debug|x86.Build.0 = Debug|x86
		{DD2B8C4D-7375-4656-9D00-C468303C034C}.Release|Any CPU.ActiveCfg = Release|x86
		{DD2B8C4D-7375-4656-9D00-C468303C034C}.Release|Mixed Platforms.ActiveCfg = Release|x86
		{DD2B8C4D-7375-4656-9D00-C468303C034C}.Release|Mixed Platforms.Build.0 = Release|x86
		{DD2B8C4D-7375-4656-9D00-C468303C034C}.Release|x86.ActiveCfg = Release|x86
		{DD2B8C4D-7375-4656-9D00-C468303C034C}.Release|x86.Build.0 = Release|x86
		{49BA1C69-6104-41AC-A5D8-B54FA9F696E8}.Debug|Any CPU.ActiveCfg = Debug|Any CPU
		{49BA1C69-6104-41AC-A5D8-B54FA9F696E8}.Debug|Any CPU.Build.0 = Debug|Any CPU
		{49BA1C69-6104-41AC-A5D8-B54FA9F696E8}.Debug|Mixed Platforms.ActiveCfg = Debug|Any CPU
		{49BA1C69-6104-41AC-A5D8-B54FA9F696E8}.Debug|Mixed Platforms.Build.0 = Debug|Any CPU
		{49BA1C69-6104-41AC-A5D8-B54FA9F696E8}.Debug|x86.ActiveCfg = Debug|Any CPU
		{49BA1C69-6104-41AC-A5D8-B54FA9F696E8}.Release|Any CPU.ActiveCfg = Release|Any CPU
		{49BA1C69-6104-41AC-A5D8-B54FA9F696E8}.Release|Any CPU.Build.0 = Release|Any CPU
		{49BA1C69-6104-41AC-A5D8-B54FA9F696E8}.Release|Mixed Platforms.ActiveCfg = Release|Any CPU
		{49BA1C69-6104-41AC-A5D8-B54FA9F696E8}.Release|Mixed Platforms.Build.0 = Release|Any CPU
		{49BA1C69-6104-41AC-A5D8-B54FA9F696E8}.Release|x86.ActiveCfg = Release|Any CPU
		{A41772F5-F20F-408D-ABD1-5D1C144853C6}.Debug|Any CPU.ActiveCfg = Debug|Any CPU
		{A41772F5-F20F-408D-ABD1-5D1C144853C6}.Debug|Any CPU.Build.0 = Debug|Any CPU
		{A41772F5-F20F-408D-ABD1-5D1C144853C6}.Debug|Mixed Platforms.ActiveCfg = Debug|Any CPU
		{A41772F5-F20F-408D-ABD1-5D1C144853C6}.Debug|Mixed Platforms.Build.0 = Debug|Any CPU
		{A41772F5-F20F-408D-ABD1-5D1C144853C6}.Debug|x86.ActiveCfg = Debug|Any CPU
		{A41772F5-F20F-408D-ABD1-5D1C144853C6}.Release|Any CPU.ActiveCfg = Release|Any CPU
		{A41772F5-F20F-408D-ABD1-5D1C144853C6}.Release|Any CPU.Build.0 = Release|Any CPU
		{A41772F5-F20F-408D-ABD1-5D1C144853C6}.Release|Mixed Platforms.ActiveCfg = Release|Any CPU
		{A41772F5-F20F-408D-ABD1-5D1C144853C6}.Release|Mixed Platforms.Build.0 = Release|Any CPU
		{A41772F5-F20F-408D-ABD1-5D1C144853C6}.Release|x86.ActiveCfg = Release|Any CPU
		{773069DA-B66E-4667-ADCB-0D215AD8CF3E}.Debug|Any CPU.ActiveCfg = Debug|Any CPU
		{773069DA-B66E-4667-ADCB-0D215AD8CF3E}.Debug|Any CPU.Build.0 = Debug|Any CPU
		{773069DA-B66E-4667-ADCB-0D215AD8CF3E}.Debug|Mixed Platforms.ActiveCfg = Debug|Any CPU
		{773069DA-B66E-4667-ADCB-0D215AD8CF3E}.Debug|Mixed Platforms.Build.0 = Debug|Any CPU
		{773069DA-B66E-4667-ADCB-0D215AD8CF3E}.Debug|x86.ActiveCfg = Debug|Any CPU
		{773069DA-B66E-4667-ADCB-0D215AD8CF3E}.Release|Any CPU.ActiveCfg = Release|Any CPU
		{773069DA-B66E-4667-ADCB-0D215AD8CF3E}.Release|Any CPU.Build.0 = Release|Any CPU
		{773069DA-B66E-4667-ADCB-0D215AD8CF3E}.Release|Mixed Platforms.ActiveCfg = Release|Any CPU
		{773069DA-B66E-4667-ADCB-0D215AD8CF3E}.Release|Mixed Platforms.Build.0 = Release|Any CPU
		{773069DA-B66E-4667-ADCB-0D215AD8CF3E}.Release|x86.ActiveCfg = Release|Any CPU
	EndGlobalSection
	GlobalSection(SolutionProperties) = preSolution
		HideSolutionNode = FALSE
	EndGlobalSection
EndGlobal
