
Microsoft Visual Studio Solution File, Format Version 10.00
# Visual Studio 2008
Project("{FAE04EC0-301F-11D3-BF4B-00C04F79EFBC}") = "Lidgren.Network", "Lidgren.Network\Lidgren.Network.csproj", "{FA245447-5F23-4AA1-BD5F-8D2DDF33CFBD}"
EndProject
Project("{FAE04EC0-301F-11D3-BF4B-00C04F79EFBC}") = "UnitTests", "UnitTests\UnitTests.csproj", "{9D7AC4F7-39CD-4BC8-8F45-00B67C196340}"
EndProject
Project("{2150E333-8FDC-42A3-9474-1A3956D46DE8}") = "Samples", "Samples", "{DA6697E7-4DD4-45EF-90A7-2FC265855019}"
EndProject
Project("{FAE04EC0-301F-11D3-BF4B-00C04F79EFBC}") = "SamplesCommon", "Samples\SamplesCommon\SamplesCommon.csproj", "{773069DA-B66E-4667-ADCB-0D215AD8CF3E}"
EndProject
Project("{FAE04EC0-301F-11D3-BF4B-00C04F79EFBC}") = "ImageServer", "Samples\ImageServer\ImageServer.csproj", "{36382EFB-BE9E-45B3-BEC8-E70F65CDF868}"
EndProject
Project("{FAE04EC0-301F-11D3-BF4B-00C04F79EFBC}") = "ImageClient", "Samples\ImageClient\ImageClient.csproj", "{69E64B8C-4736-4334-87BF-DD631A3AD144}"
EndProject
Project("{FAE04EC0-301F-11D3-BF4B-00C04F79EFBC}") = "ChatServer", "Samples\ChatServer\ChatServer.csproj", "{E2711561-B3C9-4580-B054-891CE54E15EE}"
EndProject
Project("{FAE04EC0-301F-11D3-BF4B-00C04F79EFBC}") = "ChatClient", "Samples\ChatClient\ChatClient.csproj", "{321F68AE-7F97-415E-A3F9-7C477EFF95EE}"
EndProject
Project("{FAE04EC0-301F-11D3-BF4B-00C04F79EFBC}") = "DurableServer", "Samples\DurableServer\DurableServer.csproj", "{034984CA-FB37-44AF-BBF9-EC58ED75F5F3}"
EndProject
Project("{FAE04EC0-301F-11D3-BF4B-00C04F79EFBC}") = "DurableClient", "Samples\DurableClient\DurableClient.csproj", "{0B4B02BB-0F43-4466-A369-0682281AF60E}"
EndProject
Global
	GlobalSection(SolutionConfigurationPlatforms) = preSolution
		Debug|Any CPU = Debug|Any CPU
		Release|Any CPU = Release|Any CPU
	EndGlobalSection
	GlobalSection(ProjectConfigurationPlatforms) = postSolution
		{FA245447-5F23-4AA1-BD5F-8D2DDF33CFBD}.Debug|Any CPU.ActiveCfg = Debug|Any CPU
		{FA245447-5F23-4AA1-BD5F-8D2DDF33CFBD}.Debug|Any CPU.Build.0 = Debug|Any CPU
		{FA245447-5F23-4AA1-BD5F-8D2DDF33CFBD}.Release|Any CPU.ActiveCfg = Release|Any CPU
		{FA245447-5F23-4AA1-BD5F-8D2DDF33CFBD}.Release|Any CPU.Build.0 = Release|Any CPU
		{9D7AC4F7-39CD-4BC8-8F45-00B67C196340}.Debug|Any CPU.ActiveCfg = Debug|Any CPU
		{9D7AC4F7-39CD-4BC8-8F45-00B67C196340}.Debug|Any CPU.Build.0 = Debug|Any CPU
		{9D7AC4F7-39CD-4BC8-8F45-00B67C196340}.Release|Any CPU.ActiveCfg = Release|Any CPU
		{9D7AC4F7-39CD-4BC8-8F45-00B67C196340}.Release|Any CPU.Build.0 = Release|Any CPU
		{773069DA-B66E-4667-ADCB-0D215AD8CF3E}.Debug|Any CPU.ActiveCfg = Debug|Any CPU
		{773069DA-B66E-4667-ADCB-0D215AD8CF3E}.Debug|Any CPU.Build.0 = Debug|Any CPU
		{773069DA-B66E-4667-ADCB-0D215AD8CF3E}.Release|Any CPU.ActiveCfg = Release|Any CPU
		{773069DA-B66E-4667-ADCB-0D215AD8CF3E}.Release|Any CPU.Build.0 = Release|Any CPU
		{36382EFB-BE9E-45B3-BEC8-E70F65CDF868}.Debug|Any CPU.ActiveCfg = Debug|Any CPU
		{36382EFB-BE9E-45B3-BEC8-E70F65CDF868}.Debug|Any CPU.Build.0 = Debug|Any CPU
		{36382EFB-BE9E-45B3-BEC8-E70F65CDF868}.Release|Any CPU.ActiveCfg = Release|Any CPU
		{36382EFB-BE9E-45B3-BEC8-E70F65CDF868}.Release|Any CPU.Build.0 = Release|Any CPU
		{69E64B8C-4736-4334-87BF-DD631A3AD144}.Debug|Any CPU.ActiveCfg = Debug|Any CPU
		{69E64B8C-4736-4334-87BF-DD631A3AD144}.Debug|Any CPU.Build.0 = Debug|Any CPU
		{69E64B8C-4736-4334-87BF-DD631A3AD144}.Release|Any CPU.ActiveCfg = Release|Any CPU
		{69E64B8C-4736-4334-87BF-DD631A3AD144}.Release|Any CPU.Build.0 = Release|Any CPU
		{E2711561-B3C9-4580-B054-891CE54E15EE}.Debug|Any CPU.ActiveCfg = Debug|Any CPU
		{E2711561-B3C9-4580-B054-891CE54E15EE}.Debug|Any CPU.Build.0 = Debug|Any CPU
		{E2711561-B3C9-4580-B054-891CE54E15EE}.Release|Any CPU.ActiveCfg = Release|Any CPU
		{E2711561-B3C9-4580-B054-891CE54E15EE}.Release|Any CPU.Build.0 = Release|Any CPU
		{321F68AE-7F97-415E-A3F9-7C477EFF95EE}.Debug|Any CPU.ActiveCfg = Debug|Any CPU
		{321F68AE-7F97-415E-A3F9-7C477EFF95EE}.Debug|Any CPU.Build.0 = Debug|Any CPU
		{321F68AE-7F97-415E-A3F9-7C477EFF95EE}.Release|Any CPU.ActiveCfg = Release|Any CPU
		{321F68AE-7F97-415E-A3F9-7C477EFF95EE}.Release|Any CPU.Build.0 = Release|Any CPU
		{034984CA-FB37-44AF-BBF9-EC58ED75F5F3}.Debug|Any CPU.ActiveCfg = Debug|Any CPU
		{034984CA-FB37-44AF-BBF9-EC58ED75F5F3}.Debug|Any CPU.Build.0 = Debug|Any CPU
		{034984CA-FB37-44AF-BBF9-EC58ED75F5F3}.Release|Any CPU.ActiveCfg = Release|Any CPU
		{034984CA-FB37-44AF-BBF9-EC58ED75F5F3}.Release|Any CPU.Build.0 = Release|Any CPU
		{0B4B02BB-0F43-4466-A369-0682281AF60E}.Debug|Any CPU.ActiveCfg = Debug|Any CPU
		{0B4B02BB-0F43-4466-A369-0682281AF60E}.Debug|Any CPU.Build.0 = Debug|Any CPU
		{0B4B02BB-0F43-4466-A369-0682281AF60E}.Release|Any CPU.ActiveCfg = Release|Any CPU
		{0B4B02BB-0F43-4466-A369-0682281AF60E}.Release|Any CPU.Build.0 = Release|Any CPU
	EndGlobalSection
	GlobalSection(SolutionProperties) = preSolution
		HideSolutionNode = FALSE
	EndGlobalSection
	GlobalSection(NestedProjects) = preSolution
		{773069DA-B66E-4667-ADCB-0D215AD8CF3E} = {DA6697E7-4DD4-45EF-90A7-2FC265855019}
		{36382EFB-BE9E-45B3-BEC8-E70F65CDF868} = {DA6697E7-4DD4-45EF-90A7-2FC265855019}
		{69E64B8C-4736-4334-87BF-DD631A3AD144} = {DA6697E7-4DD4-45EF-90A7-2FC265855019}
		{E2711561-B3C9-4580-B054-891CE54E15EE} = {DA6697E7-4DD4-45EF-90A7-2FC265855019}
		{321F68AE-7F97-415E-A3F9-7C477EFF95EE} = {DA6697E7-4DD4-45EF-90A7-2FC265855019}
		{034984CA-FB37-44AF-BBF9-EC58ED75F5F3} = {DA6697E7-4DD4-45EF-90A7-2FC265855019}
		{0B4B02BB-0F43-4466-A369-0682281AF60E} = {DA6697E7-4DD4-45EF-90A7-2FC265855019}
	EndGlobalSection
EndGlobal
