
Microsoft Visual Studio Solution File, Format Version 10.00
# Visual Studio 2008
Project("{FAE04EC0-301F-11D3-BF4B-00C04F79EFBC}") = "MasterServer", "MasterServer\MasterServer.csproj", "{47E2AC9A-F375-47A7-A4E6-9814D3A2954B}"
EndProject
Project("{FAE04EC0-301F-11D3-BF4B-00C04F79EFBC}") = "Lidgren.Network", "..\..\Lidgren.Network\Lidgren.Network.csproj", "{FA245447-5F23-4AA1-BD5F-8D2DDF33CFBD}"
EndProject
Global
	GlobalSection(SolutionConfigurationPlatforms) = preSolution
		Debug|Any CPU = Debug|Any CPU
		Release|Any CPU = Release|Any CPU
	EndGlobalSection
	GlobalSection(ProjectConfigurationPlatforms) = postSolution
		{47E2AC9A-F375-47A7-A4E6-9814D3A2954B}.Debug|Any CPU.ActiveCfg = Debug|Any CPU
		{47E2AC9A-F375-47A7-A4E6-9814D3A2954B}.Debug|Any CPU.Build.0 = Debug|Any CPU
		{47E2AC9A-F375-47A7-A4E6-9814D3A2954B}.Release|Any CPU.ActiveCfg = Release|Any CPU
		{47E2AC9A-F375-47A7-A4E6-9814D3A2954B}.Release|Any CPU.Build.0 = Release|Any CPU
		{FA245447-5F23-4AA1-BD5F-8D2DDF33CFBD}.Debug|Any CPU.ActiveCfg = Debug|Any CPU
		{FA245447-5F23-4AA1-BD5F-8D2DDF33CFBD}.Debug|Any CPU.Build.0 = Debug|Any CPU
		{FA245447-5F23-4AA1-BD5F-8D2DDF33CFBD}.Release|Any CPU.ActiveCfg = Release|Any CPU
		{FA245447-5F23-4AA1-BD5F-8D2DDF33CFBD}.Release|Any CPU.Build.0 = Release|Any CPU
	EndGlobalSection
	GlobalSection(SolutionProperties) = preSolution
		HideSolutionNode = FALSE
	EndGlobalSection
EndGlobal
