
Microsoft Visual Studio Solution File, Format Version 12.00
# Visual Studio 2012
Project("{FAE04EC0-301F-11D3-BF4B-00C04F79EFBC}") = "EncryptionClient", "EncryptionClient\EncryptionClient.csproj", "{CC8B3DBA-3DA6-407F-B659-91AE02BC67D6}"
EndProject
Project("{FAE04EC0-301F-11D3-BF4B-00C04F79EFBC}") = "EncryptionServer", "EncryptionServer\EncryptionServer.csproj", "{C97A1420-D706-4446-AC8A-3A88ABDC1F0F}"
EndProject
Project("{FAE04EC0-301F-11D3-BF4B-00C04F79EFBC}") = "Lidgren.Network", "..\..\..\Lidgren.Network\Lidgren.Network.csproj", "{49BA1C69-6104-41AC-A5D8-B54FA9F696E8}"
EndProject
Global
	GlobalSection(SolutionConfigurationPlatforms) = preSolution
		Debug|Any CPU = Debug|Any CPU
		Release|Any CPU = Release|Any CPU
	EndGlobalSection
	GlobalSection(ProjectConfigurationPlatforms) = postSolution
		{CC8B3DBA-3DA6-407F-B659-91AE02BC67D6}.Debug|Any CPU.ActiveCfg = Debug|Any CPU
		{CC8B3DBA-3DA6-407F-B659-91AE02BC67D6}.Debug|Any CPU.Build.0 = Debug|Any CPU
		{CC8B3DBA-3DA6-407F-B659-91AE02BC67D6}.Release|Any CPU.ActiveCfg = Release|Any CPU
		{CC8B3DBA-3DA6-407F-B659-91AE02BC67D6}.Release|Any CPU.Build.0 = Release|Any CPU
		{C97A1420-D706-4446-AC8A-3A88ABDC1F0F}.Debug|Any CPU.ActiveCfg = Debug|Any CPU
		{C97A1420-D706-4446-AC8A-3A88ABDC1F0F}.Debug|Any CPU.Build.0 = Debug|Any CPU
		{C97A1420-D706-4446-AC8A-3A88ABDC1F0F}.Release|Any CPU.ActiveCfg = Release|Any CPU
		{C97A1420-D706-4446-AC8A-3A88ABDC1F0F}.Release|Any CPU.Build.0 = Release|Any CPU
		{49BA1C69-6104-41AC-A5D8-B54FA9F696E8}.Debug|Any CPU.ActiveCfg = Debug|Any CPU
		{49BA1C69-6104-41AC-A5D8-B54FA9F696E8}.Debug|Any CPU.Build.0 = Debug|Any CPU
		{49BA1C69-6104-41AC-A5D8-B54FA9F696E8}.Release|Any CPU.ActiveCfg = Release|Any CPU
		{49BA1C69-6104-41AC-A5D8-B54FA9F696E8}.Release|Any CPU.Build.0 = Release|Any CPU
	EndGlobalSection
	GlobalSection(SolutionProperties) = preSolution
		HideSolutionNode = FALSE
	EndGlobalSection
EndGlobal
