
Microsoft Visual Studio Solution File, Format Version 11.00
# Visual Studio 2010
Project("{FAE04EC0-301F-11D3-BF4B-00C04F79EFBC}") = "DurableClient", "DurableClient\DurableClient.csproj", "{3488701D-7A81-44B4-9156-E4A3E891B2CC}"
EndProject
Project("{FAE04EC0-301F-11D3-BF4B-00C04F79EFBC}") = "DurableServer", "DurableServer\DurableServer.csproj", "{5825BF6B-B344-4B00-8A25-95A42B89F7F9}"
EndProject
Project("{FAE04EC0-301F-11D3-BF4B-00C04F79EFBC}") = "Lidgren.Network", "..\..\..\Lidgren.Network\Lidgren.Network.csproj", "{49BA1C69-6104-41AC-A5D8-B54FA9F696E8}"
EndProject
Project("{FAE04EC0-301F-11D3-BF4B-00C04F79EFBC}") = "SamplesCommon", "..\..\SamplesCommon\SamplesCommon.csproj", "{773069DA-B66E-4667-ADCB-0D215AD8CF3E}"
EndProject
Global
	GlobalSection(SolutionConfigurationPlatforms) = preSolution
		Debug|Any CPU = Debug|Any CPU
		Debug|Mixed Platforms = Debug|Mixed Platforms
		Debug|x86 = Debug|x86
		Release|Any CPU = Release|Any CPU
		Release|Mixed Platforms = Release|Mixed Platforms
		Release|x86 = Release|x86
	EndGlobalSection
	GlobalSection(ProjectConfigurationPlatforms) = postSolution
		{3488701D-7A81-44B4-9156-E4A3E891B2CC}.Debug|Any CPU.ActiveCfg = Debug|x86
		{3488701D-7A81-44B4-9156-E4A3E891B2CC}.Debug|Mixed Platforms.ActiveCfg = Debug|x86
		{3488701D-7A81-44B4-9156-E4A3E891B2CC}.Debug|Mixed Platforms.Build.0 = Debug|x86
		{3488701D-7A81-44B4-9156-E4A3E891B2CC}.Debug|x86.ActiveCfg = Debug|x86
		{3488701D-7A81-44B4-9156-E4A3E891B2CC}.Debug|x86.Build.0 = Debug|x86
		{3488701D-7A81-44B4-9156-E4A3E891B2CC}.Release|Any CPU.ActiveCfg = Release|x86
		{3488701D-7A81-44B4-9156-E4A3E891B2CC}.Release|Mixed Platforms.ActiveCfg = Release|x86
		{3488701D-7A81-44B4-9156-E4A3E891B2CC}.Release|Mixed Platforms.Build.0 = Release|x86
		{3488701D-7A81-44B4-9156-E4A3E891B2CC}.Release|x86.ActiveCfg = Release|x86
		{3488701D-7A81-44B4-9156-E4A3E891B2CC}.Release|x86.Build.0 = Release|x86
		{5825BF6B-B344-4B00-8A25-95A42B89F7F9}.Debug|Any CPU.ActiveCfg = Debug|x86
		{5825BF6B-B344-4B00-8A25-95A42B89F7F9}.Debug|Mixed Platforms.ActiveCfg = Debug|x86
		{5825BF6B-B344-4B00-8A25-95A42B89F7F9}.Debug|Mixed Platforms.Build.0 = Debug|x86
		{5825BF6B-B344-4B00-8A25-95A42B89F7F9}.Debug|x86.ActiveCfg = Debug|x86
		{5825BF6B-B344-4B00-8A25-95A42B89F7F9}.Debug|x86.Build.0 = Debug|x86
		{5825BF6B-B344-4B00-8A25-95A42B89F7F9}.Release|Any CPU.ActiveCfg = Release|x86
		{5825BF6B-B344-4B00-8A25-95A42B89F7F9}.Release|Mixed Platforms.ActiveCfg = Release|x86
		{5825BF6B-B344-4B00-8A25-95A42B89F7F9}.Release|Mixed Platforms.Build.0 = Release|x86
		{5825BF6B-B344-4B00-8A25-95A42B89F7F9}.Release|x86.ActiveCfg = Release|x86
		{5825BF6B-B344-4B00-8A25-95A42B89F7F9}.Release|x86.Build.0 = Release|x86
		{49BA1C69-6104-41AC-A5D8-B54FA9F696E8}.Debug|Any CPU.ActiveCfg = Debug|Any CPU
		{49BA1C69-6104-41AC-A5D8-B54FA9F696E8}.Debug|Any CPU.Build.0 = Debug|Any CPU
		{49BA1C69-6104-41AC-A5D8-B54FA9F696E8}.Debug|Mixed Platforms.ActiveCfg = Debug|Any CPU
		{49BA1C69-6104-41AC-A5D8-B54FA9F696E8}.Debug|Mixed Platforms.Build.0 = Debug|Any CPU
		{49BA1C69-6104-41AC-A5D8-B54FA9F696E8}.Debug|x86.ActiveCfg = Debug|Any CPU
		{49BA1C69-6104-41AC-A5D8-B54FA9F696E8}.Release|Any CPU.ActiveCfg = Release|Any CPU
		{49BA1C69-6104-41AC-A5D8-B54FA9F696E8}.Release|Any CPU.Build.0 = Release|Any CPU
		{49BA1C69-6104-41AC-A5D8-B54FA9F696E8}.Release|Mixed Platforms.ActiveCfg = Release|Any CPU
		{49BA1C69-6104-41AC-A5D8-B54FA9F696E8}.Release|Mixed Platforms.Build.0 = Release|Any CPU
		{49BA1C69-6104-41AC-A5D8-B54FA9F696E8}.Release|x86.ActiveCfg = Release|Any CPU
		{773069DA-B66E-4667-ADCB-0D215AD8CF3E}.Debug|Any CPU.ActiveCfg = Debug|Any CPU
		{773069DA-B66E-4667-ADCB-0D215AD8CF3E}.Debug|Any CPU.Build.0 = Debug|Any CPU
		{773069DA-B66E-4667-ADCB-0D215AD8CF3E}.Debug|Mixed Platforms.ActiveCfg = Debug|Any CPU
		{773069DA-B66E-4667-ADCB-0D215AD8CF3E}.Debug|Mixed Platforms.Build.0 = Debug|Any CPU
		{773069DA-B66E-4667-ADCB-0D215AD8CF3E}.Debug|x86.ActiveCfg = Debug|Any CPU
		{773069DA-B66E-4667-ADCB-0D215AD8CF3E}.Release|Any CPU.ActiveCfg = Release|Any CPU
		{773069DA-B66E-4667-ADCB-0D215AD8CF3E}.Release|Any CPU.Build.0 = Release|Any CPU
		{773069DA-B66E-4667-ADCB-0D215AD8CF3E}.Release|Mixed Platforms.ActiveCfg = Release|Any CPU
		{773069DA-B66E-4667-ADCB-0D215AD8CF3E}.Release|Mixed Platforms.Build.0 = Release|Any CPU
		{773069DA-B66E-4667-ADCB-0D215AD8CF3E}.Release|x86.ActiveCfg = Release|Any CPU
	EndGlobalSection
	GlobalSection(SolutionProperties) = preSolution
		HideSolutionNode = FALSE
	EndGlobalSection
EndGlobal
